// !$*UTF8*$!
{
	archiveVersion = 1;
	classes = {
	};
	objectVersion = 50;
	objects = {

/* Begin PBXBuildFile section */
		CFFEDBC72176EFF500CB2E1D /* AppDelegate.swift in Sources */ = {isa = PBXBuildFile; fileRef = CFFEDBC62176EFF500CB2E1D /* AppDelegate.swift */; };
		CFFEDBC92176EFF500CB2E1D /* ViewController.swift in Sources */ = {isa = PBXBuildFile; fileRef = CFFEDBC82176EFF500CB2E1D /* ViewController.swift */; };
		CFFEDBCC2176EFF500CB2E1D /* Main.storyboard in Resources */ = {isa = PBXBuildFile; fileRef = CFFEDBCA2176EFF500CB2E1D /* Main.storyboard */; };
		CFFEDBCE2176EFF500CB2E1D /* Assets.xcassets in Resources */ = {isa = PBXBuildFile; fileRef = CFFEDBCD2176EFF500CB2E1D /* Assets.xcassets */; };
		CFFEDBD12176EFF500CB2E1D /* LaunchScreen.storyboard in Resources */ = {isa = PBXBuildFile; fileRef = CFFEDBCF2176EFF500CB2E1D /* LaunchScreen.storyboard */; };
/* End PBXBuildFile section */

/* Begin PBXFileReference section */
		CFFEDBC32176EFF500CB2E1D /* Bookstore.app */ = {isa = PBXFileReference; explicitFileType = wrapper.application; includeInIndex = 0; path = Bookstore.app; sourceTree = BUILT_PRODUCTS_DIR; };
		CFFEDBC62176EFF500CB2E1D /* AppDelegate.swift */ = {isa = PBXFileReference; lastKnownFileType = sourcecode.swift; path = AppDelegate.swift; sourceTree = "<group>"; };
		CFFEDBC82176EFF500CB2E1D /* ViewController.swift */ = {isa = PBXFileReference; lastKnownFileType = sourcecode.swift; path = ViewController.swift; sourceTree = "<group>"; };
		CFFEDBCB2176EFF500CB2E1D /* Base */ = {isa = PBXFileReference; lastKnownFileType = file.storyboard; name = Base; path = Base.lproj/Main.storyboard; sourceTree = "<group>"; };
		CFFEDBCD2176EFF500CB2E1D /* Assets.xcassets */ = {isa = PBXFileReference; lastKnownFileType = folder.assetcatalog; path = Assets.xcassets; sourceTree = "<group>"; };
		CFFEDBD02176EFF500CB2E1D /* Base */ = {isa = PBXFileReference; lastKnownFileType = file.storyboard; name = Base; path = Base.lproj/LaunchScreen.storyboard; sourceTree = "<group>"; };
		CFFEDBD22176EFF500CB2E1D /* Info.plist */ = {isa = PBXFileReference; lastKnownFileType = text.plist.xml; path = Info.plist; sourceTree = "<group>"; };
/* End PBXFileReference section */

/* Begin PBXFrameworksBuildPhase section */
		CFFEDBC02176EFF500CB2E1D /* Frameworks */ = {
			isa = PBXFrameworksBuildPhase;
			buildActionMask = 2147483647;
			files = (
			);
			runOnlyForDeploymentPostprocessing = 0;
		};
/* End PBXFrameworksBuildPhase section */

/* Begin PBXGroup section */
		CFFEDBBA2176EFF400CB2E1D = {
			isa = PBXGroup;
			children = (
				CFFEDBC52176EFF500CB2E1D /* Bookstore */,
				CFFEDBC42176EFF500CB2E1D /* Products */,
			);
			sourceTree = "<group>";
		};
		CFFEDBC42176EFF500CB2E1D /* Products */ = {
			isa = PBXGroup;
			children = (
				CFFEDBC32176EFF500CB2E1D /* Bookstore.app */,
			);
			name = Products;
			sourceTree = "<group>";
		};
		CFFEDBC52176EFF500CB2E1D /* Bookstore */ = {
			isa = PBXGroup;
			children = (
				CFFEDBC62176EFF500CB2E1D /* AppDelegate.swift */,
				CFFEDBC82176EFF500CB2E1D /* ViewController.swift */,
				CFFEDBCA2176EFF500CB2E1D /* Main.storyboard */,
				CFFEDBCD2176EFF500CB2E1D /* Assets.xcassets */,
				CFFEDBCF2176EFF500CB2E1D /* LaunchScreen.storyboard */,
				CFFEDBD22176EFF500CB2E1D /* Info.plist */,
			);
			path = Bookstore;
			sourceTree = "<group>";
		};
/* End PBXGroup section */

/* Begin PBXNativeTarget section */
		CFFEDBC22176EFF500CB2E1D /* Bookstore */ = {
			isa = PBXNativeTarget;
			buildConfigurationList = CFFEDBD52176EFF500CB2E1D /* Build configuration list for PBXNativeTarget "Bookstore" */;
			buildPhases = (
				CFFEDBBF2176EFF500CB2E1D /* Sources */,
				CFFEDBC02176EFF500CB2E1D /* Frameworks */,
				CFFEDBC12176EFF500CB2E1D /* Resources */,
			);
			buildRules = (
			);
			dependencies = (
			);
			name = Bookstore;
			productName = Bookstore;
			productReference = CFFEDBC32176EFF500CB2E1D /* Bookstore.app */;
			productType = "com.apple.product-type.application";
		};
/* End PBXNativeTarget section */

/* Begin PBXProject section */
		CFFEDBBB2176EFF400CB2E1D /* Project object */ = {
			isa = PBXProject;
			attributes = {
				LastSwiftUpdateCheck = 1000;
				LastUpgradeCheck = 1000;
				ORGANIZATIONNAME = "Eddy Fidel";
				TargetAttributes = {
					CFFEDBC22176EFF500CB2E1D = {
						CreatedOnToolsVersion = 10.0;
					};
				};
			};
			buildConfigurationList = CFFEDBBE2176EFF400CB2E1D /* Build configuration list for PBXProject "Bookstore" */;
			compatibilityVersion = "Xcode 9.3";
			developmentRegion = en;
			hasScannedForEncodings = 0;
			knownRegions = (
				en,
				Base,
			);
			mainGroup = CFFEDBBA2176EFF400CB2E1D;
			productRefGroup = CFFEDBC42176EFF500CB2E1D /* Products */;
			projectDirPath = "";
			projectRoot = "";
			targets = (
				CFFEDBC22176EFF500CB2E1D /* Bookstore */,
			);
		};
/* End PBXProject section */

/* Begin PBXResourcesBuildPhase section */
		CFFEDBC12176EFF500CB2E1D /* Resources */ = {
			isa = PBXResourcesBuildPhase;
			buildActionMask = 2147483647;
			files = (
				CFFEDBD12176EFF500CB2E1D /* LaunchScreen.storyboard in Resources */,
				CFFEDBCE2176EFF500CB2E1D /* Assets.xcassets in Resources */,
				CFFEDBCC2176EFF500CB2E1D /* Main.storyboard in Resources */,
			);
			runOnlyForDeploymentPostprocessing = 0;
		};
/* End PBXResourcesBuildPhase section */

/* Begin PBXSourcesBuildPhase section */
		CFFEDBBF2176EFF500CB2E1D /* Sources */ = {
			isa = PBXSourcesBuildPhase;
			buildActionMask = 2147483647;
			files = (
				CFFEDBC92176EFF500CB2E1D /* ViewController.swift in Sources */,
				CFFEDBC72176EFF500CB2E1D /* AppDelegate.swift in Sources */,
			);
			runOnlyForDeploymentPostprocessing = 0;
		};
/* End PBXSourcesBuildPhase section */

/* Begin PBXVariantGroup section */
		CFFEDBCA2176EFF500CB2E1D /* Main.storyboard */ = {
			isa = PBXVariantGroup;
			children = (
				CFFEDBCB2176EFF500CB2E1D /* Base */,
			);
			name = Main.storyboard;
			sourceTree = "<group>";
		};
		CFFEDBCF2176EFF500CB2E1D /* LaunchScreen.storyboard */ = {
			isa = PBXVariantGroup;
			children = (
				CFFEDBD02176EFF500CB2E1D /* Base */,
			);
			name = LaunchScreen.storyboard;
			sourceTree = "<group>";
		};
/* End PBXVariantGroup section */

/* Begin XCBuildConfiguration section */
		CFFEDBD32176EFF500CB2E1D /* Debug */ = {
			isa = XCBuildConfiguration;
			buildSettings = {
				ALWAYS_SEARCH_USER_PATHS = NO;
				CLANG_ANALYZER_NONNULL = YES;
				CLANG_ANALYZER_NUMBER_OBJECT_CONVERSION = YES_AGGRESSIVE;
				CLANG_CXX_LANGUAGE_STANDARD = "gnu++14";
				CLANG_CXX_LIBRARY = "libc++";
				CLANG_ENABLE_MODULES = YES;
				CLANG_ENABLE_OBJC_ARC = YES;
				CLANG_ENABLE_OBJC_WEAK = YES;
				CLANG_WARN_BLOCK_CAPTURE_AUTORELEASING = YES;
				CLANG_WARN_BOOL_CONVERSION = YES;
				CLANG_WARN_COMMA = YES;
				CLANG_WARN_CONSTANT_CONVERSION = YES;
				CLANG_WARN_DEPRECATED_OBJC_IMPLEMENTATIONS = YES;
				CLANG_WARN_DIRECT_OBJC_ISA_USAGE = YES_ERROR;
				CLANG_WARN_DOCUMENTATION_COMMENTS = YES;
				CLANG_WARN_EMPTY_BODY = YES;
				CLANG_WARN_ENUM_CONVERSION = YES;
				CLANG_WARN_INFINITE_RECURSION = YES;
				CLANG_WARN_INT_CONVERSION = YES;
				CLANG_WARN_NON_LITERAL_NULL_CONVERSION = YES;
				CLANG_WARN_OBJC_IMPLICIT_RETAIN_SELF = YES;
				CLANG_WARN_OBJC_LITERAL_CONVERSION = YES;
				CLANG_WARN_OBJC_ROOT_CLASS = YES_ERROR;
				CLANG_WARN_RANGE_LOOP_ANALYSIS = YES;
				CLANG_WARN_STRICT_PROTOTYPES = YES;
				CLANG_WARN_SUSPICIOUS_MOVE = YES;
				CLANG_WARN_UNGUARDED_AVAILABILITY = YES_AGGRESSIVE;
				CLANG_WARN_UNREACHABLE_CODE = YES;
				CLANG_WARN__DUPLICATE_METHOD_MATCH = YES;
				CODE_SIGN_IDENTITY = "iPhone Developer";
				COPY_PHASE_STRIP = NO;
				DEBUG_INFORMATION_FORMAT = dwarf;
				ENABLE_STRICT_OBJC_MSGSEND = YES;
				ENABLE_TESTABILITY = YES;
				GCC_C_LANGUAGE_STANDARD = gnu11;
				GCC_DYNAMIC_NO_PIC = NO;
				GCC_NO_COMMON_BLOCKS = YES;
				GCC_OPTIMIZATION_LEVEL = 0;
				GCC_PREPROCESSOR_DEFINITIONS = (
					"DEBUG=1",
					"$(inherited)",
				);
				GCC_WARN_64_TO_32_BIT_CONVERSION = YES;
				GCC_WARN_ABOUT_RETURN_TYPE = YES_ERROR;
				GCC_WARN_UNDECLARED_SELECTOR = YES;
				GCC_WARN_UNINITIALIZED_AUTOS = YES_AGGRESSIVE;
				GCC_WARN_UNUSED_FUNCTION = YES;
				GCC_WARN_UNUSED_VARIABLE = YES;
				IPHONEOS_DEPLOYMENT_TARGET = 12.0;
				MTL_ENABLE_DEBUG_INFO = INCLUDE_SOURCE;
				MTL_FAST_MATH = YES;
				ONLY_ACTIVE_ARCH = YES;
				SDKROOT = iphoneos;
				SWIFT_ACTIVE_COMPILATION_CONDITIONS = DEBUG;
				SWIFT_OPTIMIZATION_LEVEL = "-Onone";
			};
			name = Debug;
		};
		CFFEDBD42176EFF500CB2E1D /* Release */ = {
			isa = XCBuildConfiguration;
			buildSettings = {
				ALWAYS_SEARCH_USER_PATHS = NO;
				CLANG_ANALYZER_NONNULL = YES;
				CLANG_ANALYZER_NUMBER_OBJECT_CONVERSION = YES_AGGRESSIVE;
				CLANG_CXX_LANGUAGE_STANDARD = "gnu++14";
				CLANG_CXX_LIBRARY = "libc++";
				CLANG_ENABLE_MODULES = YES;
				CLANG_ENABLE_OBJC_ARC = YES;
				CLANG_ENABLE_OBJC_WEAK = YES;
				CLANG_WARN_BLOCK_CAPTURE_AUTORELEASING = YES;
				CLANG_WARN_BOOL_CONVERSION = YES;
				CLANG_WARN_COMMA = YES;
				CLANG_WARN_CONSTANT_CONVERSION = YES;
				CLANG_WARN_DEPRECATED_OBJC_IMPLEMENTATIONS = YES;
				CLANG_WARN_DIRECT_OBJC_ISA_USAGE = YES_ERROR;
				CLANG_WARN_DOCUMENTATION_COMMENTS = YES;
				CLANG_WARN_EMPTY_BODY = YES;
				CLANG_WARN_ENUM_CONVERSION = YES;
				CLANG_WARN_INFINITE_RECURSION = YES;
				CLANG_WARN_INT_CONVERSION = YES;
				CLANG_WARN_NON_LITERAL_NULL_CONVERSION = YES;
				CLANG_WARN_OBJC_IMPLICIT_RETAIN_SELF = YES;
				CLANG_WARN_OBJC_LITERAL_CONVERSION = YES;
				CLANG_WARN_OBJC_ROOT_CLASS = YES_ERROR;
				CLANG_WARN_RANGE_LOOP_ANALYSIS = YES;
				CLANG_WARN_STRICT_PROTOTYPES = YES;
				CLANG_WARN_SUSPICIOUS_MOVE = YES;
				CLANG_WARN_UNGUARDED_AVAILABILITY = YES_AGGRESSIVE;
				CLANG_WARN_UNREACHABLE_CODE = YES;
				CLANG_WARN__DUPLICATE_METHOD_MATCH = YES;
				CODE_SIGN_IDENTITY = "iPhone Developer";
				COPY_PHASE_STRIP = NO;
				DEBUG_INFORMATION_FORMAT = "dwarf-with-dsym";
				ENABLE_NS_ASSERTIONS = NO;
				ENABLE_STRICT_OBJC_MSGSEND = YES;
				GCC_C_LANGUAGE_STANDARD = gnu11;
				GCC_NO_COMMON_BLOCKS = YES;
				GCC_WARN_64_TO_32_BIT_CONVERSION = YES;
				GCC_WARN_ABOUT_RETURN_TYPE = YES_ERROR;
				GCC_WARN_UNDECLARED_SELECTOR = YES;
				GCC_WARN_UNINITIALIZED_AUTOS = YES_AGGRESSIVE;
				GCC_WARN_UNUSED_FUNCTION = YES;
				GCC_WARN_UNUSED_VARIABLE = YES;
				IPHONEOS_DEPLOYMENT_TARGET = 12.0;
				MTL_ENABLE_DEBUG_INFO = NO;
				MTL_FAST_MATH = YES;
				SDKROOT = iphoneos;
				SWIFT_COMPILATION_MODE = wholemodule;
				SWIFT_OPTIMIZATION_LEVEL = "-O";
				VALIDATE_PRODUCT = YES;
			};
			name = Release;
		};
		CFFEDBD62176EFF500CB2E1D /* Debug */ = {
			isa = XCBuildConfiguration;
			buildSettings = {
				ASSETCATALOG_COMPILER_APPICON_NAME = AppIcon;
				CODE_SIGN_STYLE = Automatic;
				DEVELOPMENT_TEAM = PXRWEA7A2D;
				INFOPLIST_FILE = Bookstore/Info.plist;
				LD_RUNPATH_SEARCH_PATHS = (
					"$(inherited)",
					"@executable_path/Frameworks",
				);
				PRODUCT_BUNDLE_IDENTIFIER = com.eddyfidel.Bookstore;
				PRODUCT_NAME = "$(TARGET_NAME)";
				SWIFT_VERSION = 4.2;
				TARGETED_DEVICE_FAMILY = "1,2";
			};
			name = Debug;
		};
		CFFEDBD72176EFF500CB2E1D /* Release */ = {
			isa = XCBuildConfiguration;
			buildSettings = {
				ASSETCATALOG_COMPILER_APPICON_NAME = AppIcon;
				CODE_SIGN_STYLE = Automatic;
				DEVELOPMENT_TEAM = PXRWEA7A2D;
				INFOPLIST_FILE = Bookstore/Info.plist;
				LD_RUNPATH_SEARCH_PATHS = (
					"$(inherited)",
					"@executable_path/Frameworks",
				);
				PRODUCT_BUNDLE_IDENTIFIER = com.eddyfidel.Bookstore;
				PRODUCT_NAME = "$(TARGET_NAME)";
				SWIFT_VERSION = 4.2;
				TARGETED_DEVICE_FAMILY = "1,2";
			};
			name = Release;
		};
/* End XCBuildConfiguration section */

/* Begin XCConfigurationList section */
		CFFEDBBE2176EFF400CB2E1D /* Build configuration list for PBXProject "Bookstore" */ = {
			isa = XCConfigurationList;
			buildConfigurations = (
				CFFEDBD32176EFF500CB2E1D /* Debug */,
				CFFEDBD42176EFF500CB2E1D /* Release */,
			);
			defaultConfigurationIsVisible = 0;
			defaultConfigurationName = Release;
		};
		CFFEDBD52176EFF500CB2E1D /* Build configuration list for PBXNativeTarget "Bookstore" */ = {
			isa = XCConfigurationList;
			buildConfigurations = (
				CFFEDBD62176EFF500CB2E1D /* Debug */,
				CFFEDBD72176EFF500CB2E1D /* Release */,
			);
			defaultConfigurationIsVisible = 0;
			defaultConfigurationName = Release;
		};
/* End XCConfigurationList section */
	};
	rootObject = CFFEDBBB2176EFF400CB2E1D /* Project object */;
}
